Microsoft Visual Studio Solution File, Format Version 12.00
# Visual Studio Version 17
VisualStudioVersion = 17.7.34031.279
MinimumVisualStudioVersion = 10.0.40219.1
Project("{9A19103F-16F7-4668-BE54-9A1E7A4F7556}") = "Model", "Model\Model.csproj", "{D37469DA-91CE-45AA-ADB1-F67C97FD084C}"
EndProject
Project("{9A19103F-16F7-4668-BE54-9A1E7A4F7556}") = "ConsoleLoader", "ConsoleLoader\ConsoleLoader.csproj", "{BBC04E7B-1874-4800-B383-AA72E6C75A02}"
EndProject
Global
	GlobalSection(SolutionConfigurationPlatforms) = preSolution
		Debug|Any CPU = Debug|Any CPU
		Release|Any CPU = Release|Any CPU
	EndGlobalSection
	GlobalSection(ProjectConfigurationPlatforms) = postSolution
		{D37469DA-91CE-45AA-ADB1-F67C97FD084C}.Debug|Any CPU.ActiveCfg = Debug|Any CPU
		{D37469DA-91CE-45AA-ADB1-F67C97FD084C}.Debug|Any CPU.Build.0 = Debug|Any CPU
		{D37469DA-91CE-45AA-ADB1-F67C97FD084C}.Release|Any CPU.ActiveCfg = Release|Any CPU
		{D37469DA-91CE-45AA-ADB1-F67C97FD084C}.Release|Any CPU.Build.0 = Release|Any CPU
		{BBC04E7B-1874-4800-B383-AA72E6C75A02}.Debug|Any CPU.ActiveCfg = Debug|Any CPU
		{BBC04E7B-1874-4800-B383-AA72E6C75A02}.Debug|Any CPU.Build.0 = Debug|Any CPU
		{BBC04E7B-1874-4800-B383-AA72E6C75A02}.Release|Any CPU.ActiveCfg = Release|Any CPU
		{BBC04E7B-1874-4800-B383-AA72E6C75A02}.Release|Any CPU.Build.0 = Release|Any CPU
	EndGlobalSection
	GlobalSection(SolutionProperties) = preSolution
		HideSolutionNode = FALSE
	EndGlobalSection
	GlobalSection(ExtensibilityGlobals) = postSolution
		SolutionGuid = {BC0AD07C-158B-4513-A1F9-CB2B747FEF4F}
	EndGlobalSection
EndGlobal
