
Microsoft Visual Studio Solution File, Format Version 12.00
# Visual Studio Version 17
VisualStudioVersion = 17.7.34031.279
MinimumVisualStudioVersion = 10.0.40219.1
Project("{2150E333-8FDC-42A3-9474-1A3956D46DE8}") = "Элементы решения", "Элементы решения", "{AC867323-8E1D-467B-819B-EB2B0C02EC21}"
	ProjectSection(SolutionItems) = preProject
		ЛР5.docx = ЛР5.docx
	EndProjectSection
EndProject
Global
	GlobalSection(SolutionProperties) = preSolution
		HideSolutionNode = FALSE
	EndGlobalSection
	GlobalSection(ExtensibilityGlobals) = postSolution
		SolutionGuid = {BC0AD07C-158B-4513-A1F9-CB2B747FEF4F}
	EndGlobalSection
EndGlobal
