Microsoft Visual Studio Solution File, Format Version 12.00
# Visual Studio Version 17
VisualStudioVersion = 17.7.34031.279
MinimumVisualStudioVersion = 10.0.40219.1
Project("{FAE04EC0-301F-11D3-BF4B-00C04F79EFBC}") = "PersonLib", "PersonLib\PersonLib.csproj", "{6ED30E15-FC3D-4AEB-9A2B-29AE22CEA354}"
EndProject
Project("{FAE04EC0-301F-11D3-BF4B-00C04F79EFBC}") = "Test", "Lab_1\Test.csproj", "{B9A40D0D-22F9-43D1-8F10-58C388940C51}"
EndProject
Global
	GlobalSection(SolutionConfigurationPlatforms) = preSolution
		Debug|Any CPU = Debug|Any CPU
		Release|Any CPU = Release|Any CPU
	EndGlobalSection
	GlobalSection(ProjectConfigurationPlatforms) = postSolution
		{6ED30E15-FC3D-4AEB-9A2B-29AE22CEA354}.Debug|Any CPU.ActiveCfg = Debug|Any CPU
		{6ED30E15-FC3D-4AEB-9A2B-29AE22CEA354}.Debug|Any CPU.Build.0 = Debug|Any CPU
		{6ED30E15-FC3D-4AEB-9A2B-29AE22CEA354}.Release|Any CPU.ActiveCfg = Release|Any CPU
		{6ED30E15-FC3D-4AEB-9A2B-29AE22CEA354}.Release|Any CPU.Build.0 = Release|Any CPU
		{B9A40D0D-22F9-43D1-8F10-58C388940C51}.Debug|Any CPU.ActiveCfg = Debug|Any CPU
		{B9A40D0D-22F9-43D1-8F10-58C388940C51}.Debug|Any CPU.Build.0 = Debug|Any CPU
		{B9A40D0D-22F9-43D1-8F10-58C388940C51}.Release|Any CPU.ActiveCfg = Release|Any CPU
		{B9A40D0D-22F9-43D1-8F10-58C388940C51}.Release|Any CPU.Build.0 = Release|Any CPU
	EndGlobalSection
	GlobalSection(SolutionProperties) = preSolution
		HideSolutionNode = FALSE
	EndGlobalSection
	GlobalSection(ExtensibilityGlobals) = postSolution
		SolutionGuid = {BC0AD07C-158B-4513-A1F9-CB2B747FEF4F}
	EndGlobalSection
EndGlobal
