
Microsoft Visual Studio Solution File, Format Version 12.00
# Visual Studio Version 17
VisualStudioVersion = 17.7.34031.279
MinimumVisualStudioVersion = 10.0.40219.1
Project("{9A19103F-16F7-4668-BE54-9A1E7A4F7556}") = "4_1", "4_1\4_1.csproj", "{2A0B3BF2-FD14-4045-BDB8-104172AB8506}"
EndProject
Project("{9A19103F-16F7-4668-BE54-9A1E7A4F7556}") = "4_2", "4_2\4_2.csproj", "{3B0D5292-4559-4F8E-9E4B-588914507BED}"
EndProject
Project("{FAE04EC0-301F-11D3-BF4B-00C04F79EFBC}") = "4_3", "4_3\4_3.csproj", "{96D40DAE-ABB3-4877-AAB6-C0B8621A2F81}"
EndProject
Project("{FAE04EC0-301F-11D3-BF4B-00C04F79EFBC}") = "4_3_cycle", "4_3_cycle\4_3_cycle.csproj", "{F85A1D0B-6F2E-4C2C-98F6-CA365F51BB9D}"
EndProject
Global
	GlobalSection(SolutionConfigurationPlatforms) = preSolution
		Debug|Any CPU = Debug|Any CPU
		Release|Any CPU = Release|Any CPU
	EndGlobalSection
	GlobalSection(ProjectConfigurationPlatforms) = postSolution
		{2A0B3BF2-FD14-4045-BDB8-104172AB8506}.Debug|Any CPU.ActiveCfg = Debug|Any CPU
		{2A0B3BF2-FD14-4045-BDB8-104172AB8506}.Debug|Any CPU.Build.0 = Debug|Any CPU
		{2A0B3BF2-FD14-4045-BDB8-104172AB8506}.Release|Any CPU.ActiveCfg = Release|Any CPU
		{2A0B3BF2-FD14-4045-BDB8-104172AB8506}.Release|Any CPU.Build.0 = Release|Any CPU
		{3B0D5292-4559-4F8E-9E4B-588914507BED}.Debug|Any CPU.ActiveCfg = Debug|Any CPU
		{3B0D5292-4559-4F8E-9E4B-588914507BED}.Debug|Any CPU.Build.0 = Debug|Any CPU
		{3B0D5292-4559-4F8E-9E4B-588914507BED}.Release|Any CPU.ActiveCfg = Release|Any CPU
		{3B0D5292-4559-4F8E-9E4B-588914507BED}.Release|Any CPU.Build.0 = Release|Any CPU
		{96D40DAE-ABB3-4877-AAB6-C0B8621A2F81}.Debug|Any CPU.ActiveCfg = Debug|Any CPU
		{96D40DAE-ABB3-4877-AAB6-C0B8621A2F81}.Debug|Any CPU.Build.0 = Debug|Any CPU
		{96D40DAE-ABB3-4877-AAB6-C0B8621A2F81}.Release|Any CPU.ActiveCfg = Release|Any CPU
		{96D40DAE-ABB3-4877-AAB6-C0B8621A2F81}.Release|Any CPU.Build.0 = Release|Any CPU
		{F85A1D0B-6F2E-4C2C-98F6-CA365F51BB9D}.Debug|Any CPU.ActiveCfg = Debug|Any CPU
		{F85A1D0B-6F2E-4C2C-98F6-CA365F51BB9D}.Debug|Any CPU.Build.0 = Debug|Any CPU
		{F85A1D0B-6F2E-4C2C-98F6-CA365F51BB9D}.Release|Any CPU.ActiveCfg = Release|Any CPU
		{F85A1D0B-6F2E-4C2C-98F6-CA365F51BB9D}.Release|Any CPU.Build.0 = Release|Any CPU
	EndGlobalSection
	GlobalSection(SolutionProperties) = preSolution
		HideSolutionNode = FALSE
	EndGlobalSection
	GlobalSection(ExtensibilityGlobals) = postSolution
		SolutionGuid = {BC0AD07C-158B-4513-A1F9-CB2B747FEF4F}
	EndGlobalSection
EndGlobal
